format = 1

[[package]]
id = "2af63601e81063d8276e4688"
name = "imgui"
version = "1.92.8"
source = "path+../../vendor/imgui"
checksum = "ae4d9d017b6efd1291eaced564ad966a35c31f8b33c915b021c32064a521f9e8"

[[package.dependencies]]
alias = "sdl3"
request = "path+../sdl3"
package = "2cd76739b1e7b319c68f889b"

[[package.dependencies]]
alias = "wgpu"
request = "path+../wgpu"
package = "ba665127e4683f3f1dee0e46"

[[package]]
id = "2cd76739b1e7b319c68f889b"
name = "sdl3"
version = "3.4.12"
source = "path+../../vendor/sdl3"
checksum = "c9f327a6820f65fe9a693571c9421a7e039401ce865cca749d61a3eb95c30e08"
dependencies = []

[[package]]
id = "a4aaa218775ace35ac19ee44"
name = "imgui-demo"
version = "0.1.0"
source = "path+."
checksum = "775da3a9b1c0afff722121802ab6aade95b7186808238c017af57ec0d46bd47d"

[[package.dependencies]]
alias = "imgui"
request = "path+../../vendor/imgui"
package = "2af63601e81063d8276e4688"

[[package.dependencies]]
alias = "opengl"
request = "path+../../vendor/opengl"
package = "c3cb09ae1f536ea8e3867222"

[[package.dependencies]]
alias = "sdl3"
request = "path+../../vendor/sdl3"
package = "2cd76739b1e7b319c68f889b"

[[package]]
id = "ba665127e4683f3f1dee0e46"
name = "wgpu"
version = "29.0.1"
source = "path+../../vendor/wgpu"
checksum = "0f9d8daf9c1f30d6ecdf8ebe290261f17370c009f70e78d4b3841d83b90ccb65"
dependencies = []

[[package]]
id = "c3cb09ae1f536ea8e3867222"
name = "opengl"
version = "4.6.0"
source = "path+../../vendor/opengl"
checksum = "7ece29c50c381ca6e912025915a2e443493c97c5f9f00de27afe0f6c8c797379"
dependencies = []

